// !$*UTF8*$!
{
	archiveVersion = 1;
	classes = {
	};
	objectVersion = 77;
	objects = {

/* Begin PBXBuildFile section */
		4BBE1A5F2DCFC1A6005F5E45 /* Kingfisher in Frameworks */ = {isa = PBXBuildFile; productRef = 4BBE1A5E2DCFC1A6005F5E45 /* Kingfisher */; };
/* End PBXBuildFile section */

/* Begin PBXContainerItemProxy section */
		4BBE19662DCDA3DB005F5E45 /* PBXContainerItemProxy */ = {
			isa = PBXContainerItemProxy;
			containerPortal = 4BBE19472DCDA3DA005F5E45 /* Project object */;
			proxyType = 1;
			remoteGlobalIDString = 4BBE194E2DCDA3DA005F5E45;
			remoteInfo = "tymex-test";
		};
		4BBE19702DCDA3DB005F5E45 /* PBXContainerItemProxy */ = {
			isa = PBXContainerItemProxy;
			containerPortal = 4BBE19472DCDA3DA005F5E45 /* Project object */;
			proxyType = 1;
			remoteGlobalIDString = 4BBE194E2DCDA3DA005F5E45;
			remoteInfo = "tymex-test";
		};
/* End PBXContainerItemProxy section */

/* Begin PBXFileReference section */
		4BBE194F2DCDA3DA005F5E45 /* tymex-test.app */ = {isa = PBXFileReference; explicitFileType = wrapper.application; includeInIndex = 0; path = "tymex-test.app"; sourceTree = BUILT_PRODUCTS_DIR; };
		4BBE19652DCDA3DB005F5E45 /* tymex-testTests.xctest */ = {isa = PBXFileReference; explicitFileType = wrapper.cfbundle; includeInIndex = 0; path = "tymex-testTests.xctest"; sourceTree = BUILT_PRODUCTS_DIR; };
		4BBE196F2DCDA3DB005F5E45 /* tymex-testUITests.xctest */ = {isa = PBXFileReference; explicitFileType = wrapper.cfbundle; includeInIndex = 0; path = "tymex-testUITests.xctest"; sourceTree = BUILT_PRODUCTS_DIR; };
/* End PBXFileReference section */

/* Begin PBXFileSystemSynchronizedBuildFileExceptionSet section */
		4BBE19772DCDA3DB005F5E45 /* Exceptions for "tymex-test" folder in "tymex-test" target */ = {
			isa = PBXFileSystemSynchronizedBuildFileExceptionSet;
			membershipExceptions = (
				Info.plist,
			);
			target = 4BBE194E2DCDA3DA005F5E45 /* tymex-test */;
		};
/* End PBXFileSystemSynchronizedBuildFileExceptionSet section */

/* Begin PBXFileSystemSynchronizedRootGroup section */
		4BBE19512DCDA3DA005F5E45 /* tymex-test */ = {
			isa = PBXFileSystemSynchronizedRootGroup;
			exceptions = (
				4BBE19772DCDA3DB005F5E45 /* Exceptions for "tymex-test" folder in "tymex-test" target */,
			);
			path = "tymex-test";
			sourceTree = "<group>";
		};
		4BBE19682DCDA3DB005F5E45 /* tymex-testTests */ = {
			isa = PBXFileSystemSynchronizedRootGroup;
			path = "tymex-testTests";
			sourceTree = "<group>";
		};
		4BBE19722DCDA3DB005F5E45 /* tymex-testUITests */ = {
			isa = PBXFileSystemSynchronizedRootGroup;
			path = "tymex-testUITests";
			sourceTree = "<group>";
		};
/* End PBXFileSystemSynchronizedRootGroup section */

/* Begin PBXFrameworksBuildPhase section */
		4BBE194C2DCDA3DA005F5E45 /* Frameworks */ = {
			isa = PBXFrameworksBuildPhase;
			buildActionMask = 2147483647;
			files = (
				4BBE1A5F2DCFC1A6005F5E45 /* Kingfisher in Frameworks */,
			);
			runOnlyForDeploymentPostprocessing = 0;
		};
		4BBE19622DCDA3DB005F5E45 /* Frameworks */ = {
			isa = PBXFrameworksBuildPhase;
			buildActionMask = 2147483647;
			files = (
			);
			runOnlyForDeploymentPostprocessing = 0;
		};
		4BBE196C2DCDA3DB005F5E45 /* Frameworks */ = {
			isa = PBXFrameworksBuildPhase;
			buildActionMask = 2147483647;
			files = (
			);
			runOnlyForDeploymentPostprocessing = 0;
		};
/* End PBXFrameworksBuildPhase section */

/* Begin PBXGroup section */
		4BBE19462DCDA3DA005F5E45 = {
			isa = PBXGroup;
			children = (
				4BBE19512DCDA3DA005F5E45 /* tymex-test */,
				4BBE19682DCDA3DB005F5E45 /* tymex-testTests */,
				4BBE19722DCDA3DB005F5E45 /* tymex-testUITests */,
				4BBE1A5D2DCFC1A6005F5E45 /* Frameworks */,
				4BBE19502DCDA3DA005F5E45 /* Products */,
			);
			sourceTree = "<group>";
		};
		4BBE19502DCDA3DA005F5E45 /* Products */ = {
			isa = PBXGroup;
			children = (
				4BBE194F2DCDA3DA005F5E45 /* tymex-test.app */,
				4BBE19652DCDA3DB005F5E45 /* tymex-testTests.xctest */,
				4BBE196F2DCDA3DB005F5E45 /* tymex-testUITests.xctest */,
			);
			name = Products;
			sourceTree = "<group>";
		};
		4BBE1A5D2DCFC1A6005F5E45 /* Frameworks */ = {
			isa = PBXGroup;
			children = (
			);
			name = Frameworks;
			sourceTree = "<group>";
		};
/* End PBXGroup section */

/* Begin PBXNativeTarget section */
		4BBE194E2DCDA3DA005F5E45 /* tymex-test */ = {
			isa = PBXNativeTarget;
			buildConfigurationList = 4BBE19782DCDA3DB005F5E45 /* Build configuration list for PBXNativeTarget "tymex-test" */;
			buildPhases = (
				4BBE194B2DCDA3DA005F5E45 /* Sources */,
				4BBE194C2DCDA3DA005F5E45 /* Frameworks */,
				4BBE194D2DCDA3DA005F5E45 /* Resources */,
			);
			buildRules = (
			);
			dependencies = (
			);
			fileSystemSynchronizedGroups = (
				4BBE19512DCDA3DA005F5E45 /* tymex-test */,
			);
			name = "tymex-test";
			packageProductDependencies = (
				4BBE1A5E2DCFC1A6005F5E45 /* Kingfisher */,
			);
			productName = "tymex-test";
			productReference = 4BBE194F2DCDA3DA005F5E45 /* tymex-test.app */;
			productType = "com.apple.product-type.application";
		};
		4BBE19642DCDA3DB005F5E45 /* tymex-testTests */ = {
			isa = PBXNativeTarget;
			buildConfigurationList = 4BBE197D2DCDA3DB005F5E45 /* Build configuration list for PBXNativeTarget "tymex-testTests" */;
			buildPhases = (
				4BBE19612DCDA3DB005F5E45 /* Sources */,
				4BBE19622DCDA3DB005F5E45 /* Frameworks */,
				4BBE19632DCDA3DB005F5E45 /* Resources */,
			);
			buildRules = (
			);
			dependencies = (
				4BBE19672DCDA3DB005F5E45 /* PBXTargetDependency */,
			);
			fileSystemSynchronizedGroups = (
				4BBE19682DCDA3DB005F5E45 /* tymex-testTests */,
			);
			name = "tymex-testTests";
			packageProductDependencies = (
			);
			productName = "tymex-testTests";
			productReference = 4BBE19652DCDA3DB005F5E45 /* tymex-testTests.xctest */;
			productType = "com.apple.product-type.bundle.unit-test";
		};
		4BBE196E2DCDA3DB005F5E45 /* tymex-testUITests */ = {
			isa = PBXNativeTarget;
			buildConfigurationList = 4BBE19802DCDA3DB005F5E45 /* Build configuration list for PBXNativeTarget "tymex-testUITests" */;
			buildPhases = (
				4BBE196B2DCDA3DB005F5E45 /* Sources */,
				4BBE196C2DCDA3DB005F5E45 /* Frameworks */,
				4BBE196D2DCDA3DB005F5E45 /* Resources */,
			);
			buildRules = (
			);
			dependencies = (
				4BBE19712DCDA3DB005F5E45 /* PBXTargetDependency */,
			);
			fileSystemSynchronizedGroups = (
				4BBE19722DCDA3DB005F5E45 /* tymex-testUITests */,
			);
			name = "tymex-testUITests";
			packageProductDependencies = (
			);
			productName = "tymex-testUITests";
			productReference = 4BBE196F2DCDA3DB005F5E45 /* tymex-testUITests.xctest */;
			productType = "com.apple.product-type.bundle.ui-testing";
		};
/* End PBXNativeTarget section */

/* Begin PBXProject section */
		4BBE19472DCDA3DA005F5E45 /* Project object */ = {
			isa = PBXProject;
			attributes = {
				BuildIndependentTargetsInParallel = 1;
				LastSwiftUpdateCheck = 1630;
				LastUpgradeCheck = 1630;
				TargetAttributes = {
					4BBE194E2DCDA3DA005F5E45 = {
						CreatedOnToolsVersion = 16.3;
					};
					4BBE19642DCDA3DB005F5E45 = {
						CreatedOnToolsVersion = 16.3;
						TestTargetID = 4BBE194E2DCDA3DA005F5E45;
					};
					4BBE196E2DCDA3DB005F5E45 = {
						CreatedOnToolsVersion = 16.3;
						TestTargetID = 4BBE194E2DCDA3DA005F5E45;
					};
				};
			};
			buildConfigurationList = 4BBE194A2DCDA3DA005F5E45 /* Build configuration list for PBXProject "tymex-test" */;
			developmentRegion = en;
			hasScannedForEncodings = 0;
			knownRegions = (
				en,
				Base,
			);
			mainGroup = 4BBE19462DCDA3DA005F5E45;
			minimizedProjectReferenceProxies = 1;
			packageReferences = (
				4BBE1A5C2DCFC053005F5E45 /* XCRemoteSwiftPackageReference "Kingfisher" */,
			);
			preferredProjectObjectVersion = 77;
			productRefGroup = 4BBE19502DCDA3DA005F5E45 /* Products */;
			projectDirPath = "";
			projectRoot = "";
			targets = (
				4BBE194E2DCDA3DA005F5E45 /* tymex-test */,
				4BBE19642DCDA3DB005F5E45 /* tymex-testTests */,
				4BBE196E2DCDA3DB005F5E45 /* tymex-testUITests */,
			);
		};
/* End PBXProject section */

/* Begin PBXResourcesBuildPhase section */
		4BBE194D2DCDA3DA005F5E45 /* Resources */ = {
			isa = PBXResourcesBuildPhase;
			buildActionMask = 2147483647;
			files = (
			);
			runOnlyForDeploymentPostprocessing = 0;
		};
		4BBE19632DCDA3DB005F5E45 /* Resources */ = {
			isa = PBXResourcesBuildPhase;
			buildActionMask = 2147483647;
			files = (
			);
			runOnlyForDeploymentPostprocessing = 0;
		};
		4BBE196D2DCDA3DB005F5E45 /* Resources */ = {
			isa = PBXResourcesBuildPhase;
			buildActionMask = 2147483647;
			files = (
			);
			runOnlyForDeploymentPostprocessing = 0;
		};
/* End PBXResourcesBuildPhase section */

/* Begin PBXSourcesBuildPhase section */
		4BBE194B2DCDA3DA005F5E45 /* Sources */ = {
			isa = PBXSourcesBuildPhase;
			buildActionMask = 2147483647;
			files = (
			);
			runOnlyForDeploymentPostprocessing = 0;
		};
		4BBE19612DCDA3DB005F5E45 /* Sources */ = {
			isa = PBXSourcesBuildPhase;
			buildActionMask = 2147483647;
			files = (
			);
			runOnlyForDeploymentPostprocessing = 0;
		};
		4BBE196B2DCDA3DB005F5E45 /* Sources */ = {
			isa = PBXSourcesBuildPhase;
			buildActionMask = 2147483647;
			files = (
			);
			runOnlyForDeploymentPostprocessing = 0;
		};
/* End PBXSourcesBuildPhase section */

/* Begin PBXTargetDependency section */
		4BBE19672DCDA3DB005F5E45 /* PBXTargetDependency */ = {
			isa = PBXTargetDependency;
			target = 4BBE194E2DCDA3DA005F5E45 /* tymex-test */;
			targetProxy = 4BBE19662DCDA3DB005F5E45 /* PBXContainerItemProxy */;
		};
		4BBE19712DCDA3DB005F5E45 /* PBXTargetDependency */ = {
			isa = PBXTargetDependency;
			target = 4BBE194E2DCDA3DA005F5E45 /* tymex-test */;
			targetProxy = 4BBE19702DCDA3DB005F5E45 /* PBXContainerItemProxy */;
		};
/* End PBXTargetDependency section */

/* Begin XCBuildConfiguration section */
		4BBE19792DCDA3DB005F5E45 /* Debug */ = {
			isa = XCBuildConfiguration;
			buildSettings = {
				ASSETCATALOG_COMPILER_APPICON_NAME = AppIcon;
				ASSETCATALOG_COMPILER_GLOBAL_ACCENT_COLOR_NAME = AccentColor;
				CODE_SIGN_STYLE = Automatic;
				CURRENT_PROJECT_VERSION = 1;
				DEVELOPMENT_TEAM = E2N23SQLR3;
				GENERATE_INFOPLIST_FILE = YES;
				INFOPLIST_FILE = "tymex-test/Info.plist";
				INFOPLIST_KEY_UIApplicationSupportsIndirectInputEvents = YES;
				INFOPLIST_KEY_UILaunchStoryboardName = LaunchScreen;
				INFOPLIST_KEY_UIMainStoryboardFile = "";
				INFOPLIST_KEY_UISupportedInterfaceOrientations_iPad = "UIInterfaceOrientationPortrait UIInterfaceOrientationPortraitUpsideDown UIInterfaceOrientationLandscapeLeft UIInterfaceOrientationLandscapeRight";
				INFOPLIST_KEY_UISupportedInterfaceOrientations_iPhone = "UIInterfaceOrientationPortrait UIInterfaceOrientationLandscapeLeft UIInterfaceOrientationLandscapeRight";
				LD_RUNPATH_SEARCH_PATHS = (
					"$(inherited)",
					"@executable_path/Frameworks",
				);
				MARKETING_VERSION = 1.0;
				PRODUCT_BUNDLE_IDENTIFIER = "haint.tymex.test.tymex-test";
				PRODUCT_NAME = "$(TARGET_NAME)";
				SWIFT_EMIT_LOC_STRINGS = YES;
				SWIFT_VERSION = 5.0;
				TARGETED_DEVICE_FAMILY = "1,2";
			};
			name = Debug;
		};
		4BBE197A2DCDA3DB005F5E45 /* Release */ = {
			isa = XCBuildConfiguration;
			buildSettings = {
				ASSETCATALOG_COMPILER_APPICON_NAME = AppIcon;
				ASSETCATALOG_COMPILER_GLOBAL_ACCENT_COLOR_NAME = AccentColor;
				CODE_SIGN_STYLE = Automatic;
				CURRENT_PROJECT_VERSION = 1;
				DEVELOPMENT_TEAM = E2N23SQLR3;
				GENERATE_INFOPLIST_FILE = YES;
				INFOPLIST_FILE = "tymex-test/Info.plist";
				INFOPLIST_KEY_UIApplicationSupportsIndirectInputEvents = YES;
				INFOPLIST_KEY_UILaunchStoryboardName = LaunchScreen;
				INFOPLIST_KEY_UIMainStoryboardFile = "";
				INFOPLIST_KEY_UISupportedInterfaceOrientations_iPad = "UIInterfaceOrientationPortrait UIInterfaceOrientationPortraitUpsideDown UIInterfaceOrientationLandscapeLeft UIInterfaceOrientationLandscapeRight";
				INFOPLIST_KEY_UISupportedInterfaceOrientations_iPhone = "UIInterfaceOrientationPortrait UIInterfaceOrientationLandscapeLeft UIInterfaceOrientationLandscapeRight";
				LD_RUNPATH_SEARCH_PATHS = (
					"$(inherited)",
					"@executable_path/Frameworks",
				);
				MARKETING_VERSION = 1.0;
				PRODUCT_BUNDLE_IDENTIFIER = "haint.tymex.test.tymex-test";
				PRODUCT_NAME = "$(TARGET_NAME)";
				SWIFT_EMIT_LOC_STRINGS = YES;
				SWIFT_VERSION = 5.0;
				TARGETED_DEVICE_FAMILY = "1,2";
			};
			name = Release;
		};
		4BBE197B2DCDA3DB005F5E45 /* Debug */ = {
			isa = XCBuildConfiguration;
			buildSettings = {
				ALWAYS_SEARCH_USER_PATHS = NO;
				ASSETCATALOG_COMPILER_GENERATE_SWIFT_ASSET_SYMBOL_EXTENSIONS = YES;
				CLANG_ANALYZER_NONNULL = YES;
				CLANG_ANALYZER_NUMBER_OBJECT_CONVERSION = YES_AGGRESSIVE;
				CLANG_CXX_LANGUAGE_STANDARD = "gnu++20";
				CLANG_ENABLE_MODULES = YES;
				CLANG_ENABLE_OBJC_ARC = YES;
				CLANG_ENABLE_OBJC_WEAK = YES;
				CLANG_WARN_BLOCK_CAPTURE_AUTORELEASING = YES;
				CLANG_WARN_BOOL_CONVERSION = YES;
				CLANG_WARN_COMMA = YES;
				CLANG_WARN_CONSTANT_CONVERSION = YES;
				CLANG_WARN_DEPRECATED_OBJC_IMPLEMENTATIONS = YES;
				CLANG_WARN_DIRECT_OBJC_ISA_USAGE = YES_ERROR;
				CLANG_WARN_DOCUMENTATION_COMMENTS = YES;
				CLANG_WARN_EMPTY_BODY = YES;
				CLANG_WARN_ENUM_CONVERSION = YES;
				CLANG_WARN_INFINITE_RECURSION = YES;
				CLANG_WARN_INT_CONVERSION = YES;
				CLANG_WARN_NON_LITERAL_NULL_CONVERSION = YES;
				CLANG_WARN_OBJC_IMPLICIT_RETAIN_SELF = YES;
				CLANG_WARN_OBJC_LITERAL_CONVERSION = YES;
				CLANG_WARN_OBJC_ROOT_CLASS = YES_ERROR;
				CLANG_WARN_QUOTED_INCLUDE_IN_FRAMEWORK_HEADER = YES;
				CLANG_WARN_RANGE_LOOP_ANALYSIS = YES;
				CLANG_WARN_STRICT_PROTOTYPES = YES;
				CLANG_WARN_SUSPICIOUS_MOVE = YES;
				CLANG_WARN_UNGUARDED_AVAILABILITY = YES_AGGRESSIVE;
				CLANG_WARN_UNREACHABLE_CODE = YES;
				CLANG_WARN__DUPLICATE_METHOD_MATCH = YES;
				COPY_PHASE_STRIP = NO;
				DEBUG_INFORMATION_FORMAT = dwarf;
				DEVELOPMENT_TEAM = E2N23SQLR3;
				ENABLE_STRICT_OBJC_MSGSEND = YES;
				ENABLE_TESTABILITY = YES;
				ENABLE_USER_SCRIPT_SANDBOXING = YES;
				GCC_C_LANGUAGE_STANDARD = gnu17;
				GCC_DYNAMIC_NO_PIC = NO;
				GCC_NO_COMMON_BLOCKS = YES;
				GCC_OPTIMIZATION_LEVEL = 0;
				GCC_PREPROCESSOR_DEFINITIONS = (
					"DEBUG=1",
					"$(inherited)",
				);
				GCC_WARN_64_TO_32_BIT_CONVERSION = YES;
				GCC_WARN_ABOUT_RETURN_TYPE = YES_ERROR;
				GCC_WARN_UNDECLARED_SELECTOR = YES;
				GCC_WARN_UNINITIALIZED_AUTOS = YES_AGGRESSIVE;
				GCC_WARN_UNUSED_FUNCTION = YES;
				GCC_WARN_UNUSED_VARIABLE = YES;
				IPHONEOS_DEPLOYMENT_TARGET = 18.4;
				LOCALIZATION_PREFERS_STRING_CATALOGS = YES;
				MTL_ENABLE_DEBUG_INFO = INCLUDE_SOURCE;
				MTL_FAST_MATH = YES;
				ONLY_ACTIVE_ARCH = YES;
				SDKROOT = iphoneos;
				SWIFT_ACTIVE_COMPILATION_CONDITIONS = "DEBUG $(inherited)";
				SWIFT_OPTIMIZATION_LEVEL = "-Onone";
			};
			name = Debug;
		};
		4BBE197C2DCDA3DB005F5E45 /* Release */ = {
			isa = XCBuildConfiguration;
			buildSettings = {
				ALWAYS_SEARCH_USER_PATHS = NO;
				ASSETCATALOG_COMPILER_GENERATE_SWIFT_ASSET_SYMBOL_EXTENSIONS = YES;
				CLANG_ANALYZER_NONNULL = YES;
				CLANG_ANALYZER_NUMBER_OBJECT_CONVERSION = YES_AGGRESSIVE;
				CLANG_CXX_LANGUAGE_STANDARD = "gnu++20";
				CLANG_ENABLE_MODULES = YES;
				CLANG_ENABLE_OBJC_ARC = YES;
				CLANG_ENABLE_OBJC_WEAK = YES;
				CLANG_WARN_BLOCK_CAPTURE_AUTORELEASING = YES;
				CLANG_WARN_BOOL_CONVERSION = YES;
				CLANG_WARN_COMMA = YES;
				CLANG_WARN_CONSTANT_CONVERSION = YES;
				CLANG_WARN_DEPRECATED_OBJC_IMPLEMENTATIONS = YES;
				CLANG_WARN_DIRECT_OBJC_ISA_USAGE = YES_ERROR;
				CLANG_WARN_DOCUMENTATION_COMMENTS = YES;
				CLANG_WARN_EMPTY_BODY = YES;
				CLANG_WARN_ENUM_CONVERSION = YES;
				CLANG_WARN_INFINITE_RECURSION = YES;
				CLANG_WARN_INT_CONVERSION = YES;
				CLANG_WARN_NON_LITERAL_NULL_CONVERSION = YES;
				CLANG_WARN_OBJC_IMPLICIT_RETAIN_SELF = YES;
				CLANG_WARN_OBJC_LITERAL_CONVERSION = YES;
				CLANG_WARN_OBJC_ROOT_CLASS = YES_ERROR;
				CLANG_WARN_QUOTED_INCLUDE_IN_FRAMEWORK_HEADER = YES;
				CLANG_WARN_RANGE_LOOP_ANALYSIS = YES;
				CLANG_WARN_STRICT_PROTOTYPES = YES;
				CLANG_WARN_SUSPICIOUS_MOVE = YES;
				CLANG_WARN_UNGUARDED_AVAILABILITY = YES_AGGRESSIVE;
				CLANG_WARN_UNREACHABLE_CODE = YES;
				CLANG_WARN__DUPLICATE_METHOD_MATCH = YES;
				COPY_PHASE_STRIP = NO;
				DEBUG_INFORMATION_FORMAT = "dwarf-with-dsym";
				DEVELOPMENT_TEAM = E2N23SQLR3;
				ENABLE_NS_ASSERTIONS = NO;
				ENABLE_STRICT_OBJC_MSGSEND = YES;
				ENABLE_USER_SCRIPT_SANDBOXING = YES;
				GCC_C_LANGUAGE_STANDARD = gnu17;
				GCC_NO_COMMON_BLOCKS = YES;
				GCC_WARN_64_TO_32_BIT_CONVERSION = YES;
				GCC_WARN_ABOUT_RETURN_TYPE = YES_ERROR;
				GCC_WARN_UNDECLARED_SELECTOR = YES;
				GCC_WARN_UNINITIALIZED_AUTOS = YES_AGGRESSIVE;
				GCC_WARN_UNUSED_FUNCTION = YES;
				GCC_WARN_UNUSED_VARIABLE = YES;
				IPHONEOS_DEPLOYMENT_TARGET = 18.4;
				LOCALIZATION_PREFERS_STRING_CATALOGS = YES;
				MTL_ENABLE_DEBUG_INFO = NO;
				MTL_FAST_MATH = YES;
				SDKROOT = iphoneos;
				SWIFT_COMPILATION_MODE = wholemodule;
				VALIDATE_PRODUCT = YES;
			};
			name = Release;
		};
		4BBE197E2DCDA3DB005F5E45 /* Debug */ = {
			isa = XCBuildConfiguration;
			buildSettings = {
				BUNDLE_LOADER = "$(TEST_HOST)";
				CODE_SIGN_STYLE = Automatic;
				CURRENT_PROJECT_VERSION = 1;
				DEVELOPMENT_TEAM = E2N23SQLR3;
				GENERATE_INFOPLIST_FILE = YES;
				IPHONEOS_DEPLOYMENT_TARGET = 18.4;
				MARKETING_VERSION = 1.0;
				PRODUCT_BUNDLE_IDENTIFIER = "haint.tymex.test.tymex-testTests";
				PRODUCT_NAME = "$(TARGET_NAME)";
				SWIFT_EMIT_LOC_STRINGS = NO;
				SWIFT_VERSION = 5.0;
				TARGETED_DEVICE_FAMILY = "1,2";
				TEST_HOST = "$(BUILT_PRODUCTS_DIR)/tymex-test.app/$(BUNDLE_EXECUTABLE_FOLDER_PATH)/tymex-test";
			};
			name = Debug;
		};
		4BBE197F2DCDA3DB005F5E45 /* Release */ = {
			isa = XCBuildConfiguration;
			buildSettings = {
				BUNDLE_LOADER = "$(TEST_HOST)";
				CODE_SIGN_STYLE = Automatic;
				CURRENT_PROJECT_VERSION = 1;
				DEVELOPMENT_TEAM = E2N23SQLR3;
				GENERATE_INFOPLIST_FILE = YES;
				IPHONEOS_DEPLOYMENT_TARGET = 18.4;
				MARKETING_VERSION = 1.0;
				PRODUCT_BUNDLE_IDENTIFIER = "haint.tymex.test.tymex-testTests";
				PRODUCT_NAME = "$(TARGET_NAME)";
				SWIFT_EMIT_LOC_STRINGS = NO;
				SWIFT_VERSION = 5.0;
				TARGETED_DEVICE_FAMILY = "1,2";
				TEST_HOST = "$(BUILT_PRODUCTS_DIR)/tymex-test.app/$(BUNDLE_EXECUTABLE_FOLDER_PATH)/tymex-test";
			};
			name = Release;
		};
		4BBE19812DCDA3DB005F5E45 /* Debug */ = {
			isa = XCBuildConfiguration;
			buildSettings = {
				CODE_SIGN_STYLE = Automatic;
				CURRENT_PROJECT_VERSION = 1;
				DEVELOPMENT_TEAM = E2N23SQLR3;
				GENERATE_INFOPLIST_FILE = YES;
				MARKETING_VERSION = 1.0;
				PRODUCT_BUNDLE_IDENTIFIER = "haint.tymex.test.tymex-testUITests";
				PRODUCT_NAME = "$(TARGET_NAME)";
				SWIFT_EMIT_LOC_STRINGS = NO;
				SWIFT_VERSION = 5.0;
				TARGETED_DEVICE_FAMILY = "1,2";
				TEST_TARGET_NAME = "tymex-test";
			};
			name = Debug;
		};
		4BBE19822DCDA3DB005F5E45 /* Release */ = {
			isa = XCBuildConfiguration;
			buildSettings = {
				CODE_SIGN_STYLE = Automatic;
				CURRENT_PROJECT_VERSION = 1;
				DEVELOPMENT_TEAM = E2N23SQLR3;
				GENERATE_INFOPLIST_FILE = YES;
				MARKETING_VERSION = 1.0;
				PRODUCT_BUNDLE_IDENTIFIER = "haint.tymex.test.tymex-testUITests";
				PRODUCT_NAME = "$(TARGET_NAME)";
				SWIFT_EMIT_LOC_STRINGS = NO;
				SWIFT_VERSION = 5.0;
				TARGETED_DEVICE_FAMILY = "1,2";
				TEST_TARGET_NAME = "tymex-test";
			};
			name = Release;
		};
/* End XCBuildConfiguration section */

/* Begin XCConfigurationList section */
		4BBE194A2DCDA3DA005F5E45 /* Build configuration list for PBXProject "tymex-test" */ = {
			isa = XCConfigurationList;
			buildConfigurations = (
				4BBE197B2DCDA3DB005F5E45 /* Debug */,
				4BBE197C2DCDA3DB005F5E45 /* Release */,
			);
			defaultConfigurationIsVisible = 0;
			defaultConfigurationName = Release;
		};
		4BBE19782DCDA3DB005F5E45 /* Build configuration list for PBXNativeTarget "tymex-test" */ = {
			isa = XCConfigurationList;
			buildConfigurations = (
				4BBE19792DCDA3DB005F5E45 /* Debug */,
				4BBE197A2DCDA3DB005F5E45 /* Release */,
			);
			defaultConfigurationIsVisible = 0;
			defaultConfigurationName = Release;
		};
		4BBE197D2DCDA3DB005F5E45 /* Build configuration list for PBXNativeTarget "tymex-testTests" */ = {
			isa = XCConfigurationList;
			buildConfigurations = (
				4BBE197E2DCDA3DB005F5E45 /* Debug */,
				4BBE197F2DCDA3DB005F5E45 /* Release */,
			);
			defaultConfigurationIsVisible = 0;
			defaultConfigurationName = Release;
		};
		4BBE19802DCDA3DB005F5E45 /* Build configuration list for PBXNativeTarget "tymex-testUITests" */ = {
			isa = XCConfigurationList;
			buildConfigurations = (
				4BBE19812DCDA3DB005F5E45 /* Debug */,
				4BBE19822DCDA3DB005F5E45 /* Release */,
			);
			defaultConfigurationIsVisible = 0;
			defaultConfigurationName = Release;
		};
/* End XCConfigurationList section */

/* Begin XCRemoteSwiftPackageReference section */
		4BBE1A5C2DCFC053005F5E45 /* XCRemoteSwiftPackageReference "Kingfisher" */ = {
			isa = XCRemoteSwiftPackageReference;
			repositoryURL = "https://github.com/onevcat/Kingfisher.git";
			requirement = {
				kind = upToNextMajorVersion;
				minimumVersion = 8.3.2;
			};
		};
/* End XCRemoteSwiftPackageReference section */

/* Begin XCSwiftPackageProductDependency section */
		4BBE1A5E2DCFC1A6005F5E45 /* Kingfisher */ = {
			isa = XCSwiftPackageProductDependency;
			package = 4BBE1A5C2DCFC053005F5E45 /* XCRemoteSwiftPackageReference "Kingfisher" */;
			productName = Kingfisher;
		};
/* End XCSwiftPackageProductDependency section */
	};
	rootObject = 4BBE19472DCDA3DA005F5E45 /* Project object */;
}
